{
  "nodes": {
    "auto-cpufreq": {
      "inputs": {
        "nixpkgs": "nixpkgs"
      },
      "locked": {
        "lastModified": 1785055078,
        "narHash": "sha256-yaA/YM0SVIDCWOZi12R6qryWmPCI6zIYEHoyK0QdOos=",
        "owner": "AdnanHodzic",
        "repo": "auto-cpufreq",
        "rev": "8552550677ec6bd2528c37697635e1759da2ebd5",
        "type": "github"
      },
      "original": {
        "owner": "AdnanHodzic",
        "ref": "v3.1.0",
        "repo": "auto-cpufreq",
        "type": "github"
      }
    },
    "claude-desktop-extra": {
      "inputs": {
        "flake-utils": "flake-utils",
        "nixpkgs": "nixpkgs_2"
      },
      "locked": {
        "lastModified": 1791625400,
        "narHash": "sha256-ISYCIbcO/JrGjNTe36pMmjBTBEYR0MQ+tEbo2hrZvmw=",
        "owner": "patrickjaja",
        "repo": "claude-desktop-extra",
        "rev": "2771064dab54f8efd615691c9706a83f1ad4bb9a",
        "type": "github"
      },
      "original": {
        "owner": "patrickjaja",
        "repo": "claude-desktop-extra",
        "type": "github"
      }
    },
    "crane": {
      "locked": {
        "lastModified": 1765145449,
        "narHash": "sha256-aBVHGWWRzSpfL++LubA0CwOOQ64WNLegrYHwsVuVN7A=",
        "owner": "ipetkov",
        "repo": "crane",
        "rev": "69f538cdce5955fcd47abfed4395dc6d5194c1c5",
        "type": "github"
      },
      "original": {
        "owner": "ipetkov",
        "repo": "crane",
        "type": "github"
      }
    },
    "crane_2": {
      "locked": {
        "lastModified": 1789760033,
        "narHash": "sha256-jtT4yxZpR8seYnlCMMWSSPlFN92zO6ICuZ8pJrmi86k=",
        "owner": "ipetkov",
        "repo": "crane",
        "rev": "73b980519cefc727a5f6cc8e5c0947a2f9be6edd",
        "type": "github"
      },
      "original": {
        "owner": "ipetkov",
        "repo": "crane",
        "type": "github"
      }
    },
    "dms-plugins": {
      "flake": false,
      "locked": {
        "lastModified": 1791214055,
        "narHash": "sha256-3nHfkGzmmq8JpN7bmO8Z5zIumvx8dzwS1GtQ6V0XgMg=",
        "owner": "AvengeMedia",
        "repo": "dms-plugins",
        "rev": "a8a508bc371e7c3f2c7862d8840b88cf5c63978f",
        "type": "github"
      },
      "original": {
        "owner": "AvengeMedia",
        "repo": "dms-plugins",
        "type": "github"
      }
    },
    "fenix": {
      "inputs": {
        "nixpkgs": [
          "mangameeya-rush",
          "nixpkgs"
        ],
        "rust-analyzer-src": "rust-analyzer-src"
      },
      "locked": {
        "lastModified": 1776413252,
        "narHash": "sha256-ZQhyB2vnFsE1KcWJlWle1UujEDVjTJVL3oMIHUvnzuo=",
        "owner": "nix-community",
        "repo": "fenix",
        "rev": "a318c3c6120e91375eea1d7c57a0cd101a81b14a",
        "type": "github"
      },
      "original": {
        "owner": "nix-community",
        "repo": "fenix",
        "type": "github"
      }
    },
    "flake-compat": {
      "flake": false,
      "locked": {
        "lastModified": 1761588595,
        "narHash": "sha256-XKUZz9zewJNUj46b4AJdiRZJAvSZ0Dqj2BNfXvFlJC4=",
        "owner": "edolstra",
        "repo": "flake-compat",
        "rev": "f387cd2afec9419c8ee37694406ca490c3f34ee5",
        "type": "github"
      },
      "original": {
        "owner": "edolstra",
        "repo": "flake-compat",
        "type": "github"
      }
    },
    "flake-utils": {
      "inputs": {
        "systems": "systems"
      },
      "locked": {
        "lastModified": 1731533236,
        "narHash": "sha256-l0KFg5HjrsfsO/JpG+r7fRrqm12kzFHyUHqHCVpMMbI=",
        "owner": "numtide",
        "repo": "flake-utils",
        "rev": "11707dc2f618dd54ca8739b309ec4fc024de578b",
        "type": "github"
      },
      "original": {
        "owner": "numtide",
        "repo": "flake-utils",
        "type": "github"
      }
    },
    "flake-utils_2": {
      "inputs": {
        "systems": "systems_2"
      },
      "locked": {
        "lastModified": 1731533236,
        "narHash": "sha256-l0KFg5HjrsfsO/JpG+r7fRrqm12kzFHyUHqHCVpMMbI=",
        "owner": "numtide",
        "repo": "flake-utils",
        "rev": "11707dc2f618dd54ca8739b309ec4fc024de578b",
        "type": "github"
      },
      "original": {
        "owner": "numtide",
        "repo": "flake-utils",
        "type": "github"
      }
    },
    "gitignore": {
      "inputs": {
        "nixpkgs": [
          "lanzaboote",
          "pre-commit",
          "nixpkgs"
        ]
      },
      "locked": {
        "lastModified": 1709087332,
        "narHash": "sha256-HG2cCnktfHsKV0s4XW83gU3F57gaTljL9KNSuG6bnQs=",
        "owner": "hercules-ci",
        "repo": "gitignore.nix",
        "rev": "637db329424fd7e46cf4185293b9cc8c88c95394",
        "type": "github"
      },
      "original": {
        "owner": "hercules-ci",
        "repo": "gitignore.nix",
        "type": "github"
      }
    },
    "home-manager": {
      "inputs": {
        "nixpkgs": [
          "nixpkgs"
        ]
      },
      "locked": {
        "lastModified": 1790996401,
        "narHash": "sha256-f+kOxEmOUnQazVAmGg0i8hzwgd1kX/geY+k/Dpheye8=",
        "owner": "nix-community",
        "repo": "home-manager",
        "rev": "db7d5e2332710f5abb088f6b5de927d7f9511b35",
        "type": "github"
      },
      "original": {
        "owner": "nix-community",
        "ref": "release-26.05",
        "repo": "home-manager",
        "type": "github"
      }
    },
    "lanzaboote": {
      "inputs": {
        "crane": "crane",
        "nixpkgs": [
          "nixpkgs"
        ],
        "pre-commit": "pre-commit",
        "rust-overlay": "rust-overlay"
      },
      "locked": {
        "lastModified": 1765382359,
        "narHash": "sha256-RJmgVDzjRI18BWVogG6wpsl1UCuV6ui8qr4DJ1LfWZ8=",
        "owner": "nix-community",
        "repo": "lanzaboote",
        "rev": "e8c096ade12ec9130ff931b0f0e25d2f1bc63607",
        "type": "github"
      },
      "original": {
        "owner": "nix-community",
        "repo": "lanzaboote",
        "rev": "e8c096ade12ec9130ff931b0f0e25d2f1bc63607",
        "type": "github"
      }
    },
    "layercapture": {
      "inputs": {
        "nixpkgs": [
          "nixpkgs"
        ]
      },
      "locked": {
        "lastModified": 1790630288,
        "narHash": "sha256-4b+Twig0sMQzMq0ebOWc94d/KSdSpll1rR8gqnRDwdI=",
        "owner": "iNViTiON",
        "repo": "xdg-desktop-portal-layercapture",
        "rev": "a041d93cb4428cecac55ecd7ab5e43a29b95d7ee",
        "type": "github"
      },
      "original": {
        "owner": "iNViTiON",
        "repo": "xdg-desktop-portal-layercapture",
        "type": "github"
      }
    },
    "mangameeya-rush": {
      "inputs": {
        "fenix": "fenix",
        "flake-utils": "flake-utils_2",
        "nixpkgs": "nixpkgs_3"
      },
      "locked": {
        "lastModified": 1790933877,
        "narHash": "sha256-5VPDXgWEPJ8JDhl34BYwCzZsJ8IdZj33ESk7CBF1lTY=",
        "owner": "iNViTiON",
        "repo": "MangaMeeyaRush",
        "rev": "7e66b502fc4ee962a05952ed0e0338df3999e0de",
        "type": "github"
      },
      "original": {
        "owner": "iNViTiON",
        "repo": "MangaMeeyaRush",
        "type": "github"
      }
    },
    "niri-spicy": {
      "inputs": {
        "nixpkgs": "nixpkgs_4"
      },
      "locked": {
        "lastModified": 1791539778,
        "narHash": "sha256-ICejOlb0pV71S2rc+TGRLAF8xZIrnbxikrBbRq2DEws=",
        "owner": "losnoco",
        "repo": "niri",
        "rev": "1bfaa833dce073d53d9db72c2c12a77f452864eb",
        "type": "github"
      },
      "original": {
        "owner": "losnoco",
        "ref": "spicy-main",
        "repo": "niri",
        "type": "github"
      }
    },
    "niri-spicy-smithay": {
      "flake": false,
      "locked": {
        "lastModified": 1791539778,
        "narHash": "sha256-hteyKrqUZwtMUWhh2h6BMHL9RSK4bLvbSpNgdeiyBCA=",
        "owner": "losnoco",
        "repo": "smithay",
        "rev": "064e3066ea377ef8c628323031e5eb4632819c97",
        "type": "github"
      },
      "original": {
        "owner": "losnoco",
        "ref": "spicy-master",
        "repo": "smithay",
        "type": "github"
      }
    },
    "nixos-hardware": {
      "inputs": {
        "nixpkgs": "nixpkgs_5"
      },
      "locked": {
        "lastModified": 1791373788,
        "narHash": "sha256-c3oMt0QoE+4yiRk6u1m2L9ogjaUw0uTGn9yk808KkgE=",
        "owner": "NixOS",
        "repo": "nixos-hardware",
        "rev": "4bc63156b109ee7b4103e3ec30565c8c92bde435",
        "type": "github"
      },
      "original": {
        "owner": "NixOS",
        "repo": "nixos-hardware",
        "type": "github"
      }
    },
    "nixpkgs": {
      "locked": {
        "lastModified": 1757967192,
        "narHash": "sha256-/aA9A/OBmnuOMgwfzdsXRusqzUpd8rQnQY8jtrHK+To=",
        "owner": "NixOS",
        "repo": "nixpkgs",
        "rev": "0d7c15863b251a7a50265e57c1dca1a7add2e291",
        "type": "github"
      },
      "original": {
        "owner": "NixOS",
        "ref": "nixpkgs-unstable",
        "repo": "nixpkgs",
        "type": "github"
      }
    },
    "nixpkgs-unstable": {
      "locked": {
        "lastModified": 1791456040,
        "narHash": "sha256-H83yz/do+hjOO0uujHyH8RgtIQP2v7Mw+cLwcZK/xKc=",
        "owner": "NixOS",
        "repo": "nixpkgs",
        "rev": "e7439b6b14ad3cc35d05608ebca9bce01a25f5f8",
        "type": "github"
      },
      "original": {
        "owner": "NixOS",
        "ref": "nixos-unstable",
        "repo": "nixpkgs",
        "type": "github"
      }
    },
    "nixpkgs_2": {
      "locked": {
        "lastModified": 1791456040,
        "narHash": "sha256-H83yz/do+hjOO0uujHyH8RgtIQP2v7Mw+cLwcZK/xKc=",
        "owner": "NixOS",
        "repo": "nixpkgs",
        "rev": "e7439b6b14ad3cc35d05608ebca9bce01a25f5f8",
        "type": "github"
      },
      "original": {
        "owner": "NixOS",
        "ref": "nixos-unstable",
        "repo": "nixpkgs",
        "type": "github"
      }
    },
    "nixpkgs_3": {
      "locked": {
        "lastModified": 1776169885,
        "narHash": "sha256-l/iNYDZ4bGOAFQY2q8y5OAfBBtrDAaPuRQqWaFHVRXM=",
        "owner": "NixOS",
        "repo": "nixpkgs",
        "rev": "4bd9165a9165d7b5e33ae57f3eecbcb28fb231c9",
        "type": "github"
      },
      "original": {
        "owner": "NixOS",
        "ref": "nixos-unstable",
        "repo": "nixpkgs",
        "type": "github"
      }
    },
    "nixpkgs_4": {
      "locked": {
        "lastModified": 1785110946,
        "narHash": "sha256-WWuWxmXKzGZWryswWlijP3Mjp6aGy4Ngmeil5nGMMjk=",
        "owner": "NixOS",
        "repo": "nixpkgs",
        "rev": "d3498f786f97ac0bded21b34bae0bf3809b45aa3",
        "type": "github"
      },
      "original": {
        "owner": "NixOS",
        "ref": "nixpkgs-unstable",
        "repo": "nixpkgs",
        "type": "github"
      }
    },
    "nixpkgs_5": {
      "locked": {
        "lastModified": 1789546076,
        "narHash": "sha256-vWkSk5bbfTqdtMoSgD9FshACO8JCvXTFi+3cqEp0mH0=",
        "rev": "b1b875982b17dabde9b4a37f3e229e74913e6db3",
        "type": "tarball",
        "url": "https://releases.nixos.org/nixos/unstable/nixos-26.11pre1074753.b1b875982b17/nixexprs.tar.xz"
      },
      "original": {
        "type": "tarball",
        "url": "https://channels.nixos.org/nixos-unstable/nixexprs.tar.xz"
      }
    },
    "nixpkgs_6": {
      "locked": {
        "lastModified": 1791426274,
        "narHash": "sha256-MWhktfFtFE8Jl7bf9Pkp7TR5MSdYCjCswSo0Gkb4ywc=",
        "owner": "NixOS",
        "repo": "nixpkgs",
        "rev": "7c8764b7c7b09b34f632464276218ef9090eaa11",
        "type": "github"
      },
      "original": {
        "owner": "NixOS",
        "ref": "nixos-26.05",
        "repo": "nixpkgs",
        "type": "github"
      }
    },
    "nixpkgs_7": {
      "locked": {
        "lastModified": 1790578696,
        "narHash": "sha256-ZoxIApko70jCdbH3l20HWXOBaT2HZd87orzd2yJ9dVE=",
        "owner": "NixOS",
        "repo": "nixpkgs",
        "rev": "7a0f122f5090cf4c2ade2a13a0e229d4e19ba71f",
        "type": "github"
      },
      "original": {
        "owner": "NixOS",
        "ref": "nixos-unstable",
        "repo": "nixpkgs",
        "type": "github"
      }
    },
    "pre-commit": {
      "inputs": {
        "flake-compat": "flake-compat",
        "gitignore": "gitignore",
        "nixpkgs": [
          "lanzaboote",
          "nixpkgs"
        ]
      },
      "locked": {
        "lastModified": 1765016596,
        "narHash": "sha256-rhSqPNxDVow7OQKi4qS5H8Au0P4S3AYbawBSmJNUtBQ=",
        "owner": "cachix",
        "repo": "pre-commit-hooks.nix",
        "rev": "548fc44fca28a5e81c5d6b846e555e6b9c2a5a3c",
        "type": "github"
      },
      "original": {
        "owner": "cachix",
        "repo": "pre-commit-hooks.nix",
        "type": "github"
      }
    },
    "root": {
      "inputs": {
        "auto-cpufreq": "auto-cpufreq",
        "claude-desktop-extra": "claude-desktop-extra",
        "dms-plugins": "dms-plugins",
        "home-manager": "home-manager",
        "lanzaboote": "lanzaboote",
        "layercapture": "layercapture",
        "mangameeya-rush": "mangameeya-rush",
        "niri-spicy": "niri-spicy",
        "niri-spicy-smithay": "niri-spicy-smithay",
        "nixos-hardware": "nixos-hardware",
        "nixpkgs": "nixpkgs_6",
        "nixpkgs-unstable": "nixpkgs-unstable",
        "strata": "strata",
        "th1nkk1d": "th1nkk1d"
      }
    },
    "rust-analyzer-src": {
      "flake": false,
      "locked": {
        "lastModified": 1776343166,
        "narHash": "sha256-ZiHQPWwuUZk44epAZRbyFz23Kd4CYaq8WlBgAmCqAzQ=",
        "owner": "rust-lang",
        "repo": "rust-analyzer",
        "rev": "b8458013c217be4fccefc4e4f194026fa04ab4ca",
        "type": "github"
      },
      "original": {
        "owner": "rust-lang",
        "ref": "nightly",
        "repo": "rust-analyzer",
        "type": "github"
      }
    },
    "rust-overlay": {
      "inputs": {
        "nixpkgs": [
          "lanzaboote",
          "nixpkgs"
        ]
      },
      "locked": {
        "lastModified": 1765075567,
        "narHash": "sha256-KFDCdQcHJ0hE3Nt5Gm5enRIhmtEifAjpxgUQ3mzSJpA=",
        "owner": "oxalica",
        "repo": "rust-overlay",
        "rev": "769156779b41e8787a46ca3d7d76443aaf68be6f",
        "type": "github"
      },
      "original": {
        "owner": "oxalica",
        "repo": "rust-overlay",
        "type": "github"
      }
    },
    "rust-overlay_2": {
      "inputs": {
        "nixpkgs": [
          "strata",
          "nixpkgs"
        ]
      },
      "locked": {
        "lastModified": 1790669703,
        "narHash": "sha256-PA75DaxgfJSDNr1eDF/l9TDfNxSUAjPRt08fICQWOqc=",
        "owner": "oxalica",
        "repo": "rust-overlay",
        "rev": "49b6548d31019e8bfe9d4415193ac1df3c48f53a",
        "type": "github"
      },
      "original": {
        "owner": "oxalica",
        "repo": "rust-overlay",
        "type": "github"
      }
    },
    "strata": {
      "inputs": {
        "crane": "crane_2",
        "nixpkgs": "nixpkgs_7",
        "rust-overlay": "rust-overlay_2"
      },
      "locked": {
        "lastModified": 1791146346,
        "narHash": "sha256-gA6Jo0Wqz0bMRp7U4WWybx152BSEkl6/tpuVPfwDw/Q=",
        "owner": "iNViTiON",
        "repo": "strata",
        "rev": "5b041899f6e5553ff4a42660a23c5cea217d75f0",
        "type": "github"
      },
      "original": {
        "owner": "iNViTiON",
        "ref": "release",
        "repo": "strata",
        "type": "github"
      }
    },
    "systems": {
      "locked": {
        "lastModified": 1681028828,
        "narHash": "sha256-Vy1rq5AaRuLzOxct8nz4T6wlgyUR7zLU309k9mBC768=",
        "owner": "nix-systems",
        "repo": "default",
        "rev": "da67096a3b9bf56a91d16901293e51ba5b49a27e",
        "type": "github"
      },
      "original": {
        "owner": "nix-systems",
        "repo": "default",
        "type": "github"
      }
    },
    "systems_2": {
      "locked": {
        "lastModified": 1681028828,
        "narHash": "sha256-Vy1rq5AaRuLzOxct8nz4T6wlgyUR7zLU309k9mBC768=",
        "owner": "nix-systems",
        "repo": "default",
        "rev": "da67096a3b9bf56a91d16901293e51ba5b49a27e",
        "type": "github"
      },
      "original": {
        "owner": "nix-systems",
        "repo": "default",
        "type": "github"
      }
    },
    "th1nkk1d": {
      "flake": false,
      "locked": {
        "lastModified": 1791482386,
        "narHash": "sha256-gnYnpkCnNOlTgbnBYMyerxqOsOv+ymFOI9F9jTu3qZ0=",
        "owner": "Th1nkK1D",
        "repo": "nixos-config",
        "rev": "e0d134b53d3dc02a3508a53ec05faa04b8837d92",
        "type": "github"
      },
      "original": {
        "owner": "Th1nkK1D",
        "repo": "nixos-config",
        "type": "github"
      }
    }
  },
  "root": "root",
  "version": 7
}
